
Microsoft Visual Studio Solution File, Format Version 12.00
# Visual Studio Version 17
VisualStudioVersion = 17.4.33122.133
MinimumVisualStudioVersion = 10.0.40219.1
Project("{FAE04EC0-301F-11D3-BF4B-00C04F79EFBC}") = "Application.WebAPI", "Application.WebAPI\Application.WebAPI.csproj", "{26ACB2E7-2613-46A0-90F7-AA8D6B2ECB5D}"
EndProject
Global
	GlobalSection(SolutionConfigurationPlatforms) = preSolution
		Debug|Any CPU = Debug|Any CPU
		Release|Any CPU = Release|Any CPU
	EndGlobalSection
	GlobalSection(ProjectConfigurationPlatforms) = postSolution
		{26ACB2E7-2613-46A0-90F7-AA8D6B2ECB5D}.Debug|Any CPU.ActiveCfg = Debug|Any CPU
		{26ACB2E7-2613-46A0-90F7-AA8D6B2ECB5D}.Debug|Any CPU.Build.0 = Debug|Any CPU
		{26ACB2E7-2613-46A0-90F7-AA8D6B2ECB5D}.Release|Any CPU.ActiveCfg = Release|Any CPU
		{26ACB2E7-2613-46A0-90F7-AA8D6B2ECB5D}.Release|Any CPU.Build.0 = Release|Any CPU
	EndGlobalSection
	GlobalSection(SolutionProperties) = preSolution
		HideSolutionNode = FALSE
	EndGlobalSection
	GlobalSection(ExtensibilityGlobals) = postSolution
		SolutionGuid = {D2D7B9C3-280A-4969-8DA5-66685C65D3BD}
	EndGlobalSection
EndGlobal
